// !$*UTF8*$!
{
	archiveVersion = 1;
	classes = {
	};
	objectVersion = 46;
	objects = {

/* Begin PBXBuildFile section */
		449AA0101B447E0C005C2B35 /* main.m in Sources */ = {isa = PBXBuildFile; fileRef = 449AA00F1B447E0C005C2B35 /* main.m */; };
		449AA0131B447E0C005C2B35 /* AppDelegate.m in Sources */ = {isa = PBXBuildFile; fileRef = 449AA0121B447E0C005C2B35 /* AppDelegate.m */; };
		449AA0161B447E0C005C2B35 /* ViewController.m in Sources */ = {isa = PBXBuildFile; fileRef = 449AA0151B447E0C005C2B35 /* ViewController.m */; };
		449AA0191B447E0C005C2B35 /* Main.storyboard in Resources */ = {isa = PBXBuildFile; fileRef = 449AA0171B447E0C005C2B35 /* Main.storyboard */; };
		449AA01B1B447E0C005C2B35 /* Images.xcassets in Resources */ = {isa = PBXBuildFile; fileRef = 449AA01A1B447E0C005C2B35 /* Images.xcassets */; };
		449AA01E1B447E0C005C2B35 /* LaunchScreen.xib in Resources */ = {isa = PBXBuildFile; fileRef = 449AA01C1B447E0C005C2B35 /* LaunchScreen.xib */; };
		449AA02A1B447E0C005C2B35 /* HomeTaskSizeClassesTests.m in Sources */ = {isa = PBXBuildFile; fileRef = 449AA0291B447E0C005C2B35 /* HomeTaskSizeClassesTests.m */; };
/* End PBXBuildFile section */

/* Begin PBXContainerItemProxy section */
		449AA0241B447E0C005C2B35 /* PBXContainerItemProxy */ = {
			isa = PBXContainerItemProxy;
			containerPortal = 449AA0021B447E0C005C2B35 /* Project object */;
			proxyType = 1;
			remoteGlobalIDString = 449AA0091B447E0C005C2B35;
			remoteInfo = HomeTaskSizeClasses;
		};
/* End PBXContainerItemProxy section */

/* Begin PBXFileReference section */
		449AA00A1B447E0C005C2B35 /* HomeTaskSizeClasses.app */ = {isa = PBXFileReference; explicitFileType = wrapper.application; includeInIndex = 0; path = HomeTaskSizeClasses.app; sourceTree = BUILT_PRODUCTS_DIR; };
		449AA00E1B447E0C005C2B35 /* Info.plist */ = {isa = PBXFileReference; lastKnownFileType = text.plist.xml; path = Info.plist; sourceTree = "<group>"; };
		449AA00F1B447E0C005C2B35 /* main.m */ = {isa = PBXFileReference; lastKnownFileType = sourcecode.c.objc; path = main.m; sourceTree = "<group>"; };
		449AA0111B447E0C005C2B35 /* AppDelegate.h */ = {isa = PBXFileReference; lastKnownFileType = sourcecode.c.h; path = AppDelegate.h; sourceTree = "<group>"; };
		449AA0121B447E0C005C2B35 /* AppDelegate.m */ = {isa = PBXFileReference; lastKnownFileType = sourcecode.c.objc; path = AppDelegate.m; sourceTree = "<group>"; };
		449AA0141B447E0C005C2B35 /* ViewController.h */ = {isa = PBXFileReference; lastKnownFileType = sourcecode.c.h; path = ViewController.h; sourceTree = "<group>"; };
		449AA0151B447E0C005C2B35 /* ViewController.m */ = {isa = PBXFileReference; lastKnownFileType = sourcecode.c.objc; path = ViewController.m; sourceTree = "<group>"; };
		449AA0181B447E0C005C2B35 /* Base */ = {isa = PBXFileReference; lastKnownFileType = file.storyboard; name = Base; path = Base.lproj/Main.storyboard; sourceTree = "<group>"; };
		449AA01A1B447E0C005C2B35 /* Images.xcassets */ = {isa = PBXFileReference; lastKnownFileType = folder.assetcatalog; path = Images.xcassets; sourceTree = "<group>"; };
		449AA01D1B447E0C005C2B35 /* Base */ = {isa = PBXFileReference; lastKnownFileType = file.xib; name = Base; path = Base.lproj/LaunchScreen.xib; sourceTree = "<group>"; };
		449AA0231B447E0C005C2B35 /* HomeTaskSizeClassesTests.xctest */ = {isa = PBXFileReference; explicitFileType = wrapper.cfbundle; includeInIndex = 0; path = HomeTaskSizeClassesTests.xctest; sourceTree = BUILT_PRODUCTS_DIR; };
		449AA0281B447E0C005C2B35 /* Info.plist */ = {isa = PBXFileReference; lastKnownFileType = text.plist.xml; path = Info.plist; sourceTree = "<group>"; };
		449AA0291B447E0C005C2B35 /* HomeTaskSizeClassesTests.m */ = {isa = PBXFileReference; lastKnownFileType = sourcecode.c.objc; path = HomeTaskSizeClassesTests.m; sourceTree = "<group>"; };
/* End PBXFileReference section */

/* Begin PBXFrameworksBuildPhase section */
		449AA0071B447E0C005C2B35 /* Frameworks */ = {
			isa = PBXFrameworksBuildPhase;
			buildActionMask = 2147483647;
			files = (
			);
			runOnlyForDeploymentPostprocessing = 0;
		};
		449AA0201B447E0C005C2B35 /* Frameworks */ = {
			isa = PBXFrameworksBuildPhase;
			buildActionMask = 2147483647;
			files = (
			);
			runOnlyForDeploymentPostprocessing = 0;
		};
/* End PBXFrameworksBuildPhase section */

/* Begin PBXGroup section */
		449AA0011B447E0C005C2B35 = {
			isa = PBXGroup;
			children = (
				449AA00C1B447E0C005C2B35 /* HomeTaskSizeClasses */,
				449AA0261B447E0C005C2B35 /* HomeTaskSizeClassesTests */,
				449AA00B1B447E0C005C2B35 /* Products */,
			);
			sourceTree = "<group>";
		};
		449AA00B1B447E0C005C2B35 /* Products */ = {
			isa = PBXGroup;
			children = (
				449AA00A1B447E0C005C2B35 /* HomeTaskSizeClasses.app */,
				449AA0231B447E0C005C2B35 /* HomeTaskSizeClassesTests.xctest */,
			);
			name = Products;
			sourceTree = "<group>";
		};
		449AA00C1B447E0C005C2B35 /* HomeTaskSizeClasses */ = {
			isa = PBXGroup;
			children = (
				449AA0111B447E0C005C2B35 /* AppDelegate.h */,
				449AA0121B447E0C005C2B35 /* AppDelegate.m */,
				449AA0141B447E0C005C2B35 /* ViewController.h */,
				449AA0151B447E0C005C2B35 /* ViewController.m */,
				449AA0171B447E0C005C2B35 /* Main.storyboard */,
				449AA01A1B447E0C005C2B35 /* Images.xcassets */,
				449AA01C1B447E0C005C2B35 /* LaunchScreen.xib */,
				449AA00D1B447E0C005C2B35 /* Supporting Files */,
			);
			path = HomeTaskSizeClasses;
			sourceTree = "<group>";
		};
		449AA00D1B447E0C005C2B35 /* Supporting Files */ = {
			isa = PBXGroup;
			children = (
				449AA00E1B447E0C005C2B35 /* Info.plist */,
				449AA00F1B447E0C005C2B35 /* main.m */,
			);
			name = "Supporting Files";
			sourceTree = "<group>";
		};
		449AA0261B447E0C005C2B35 /* HomeTaskSizeClassesTests */ = {
			isa = PBXGroup;
			children = (
				449AA0291B447E0C005C2B35 /* HomeTaskSizeClassesTests.m */,
				449AA0271B447E0C005C2B35 /* Supporting Files */,
			);
			path = HomeTaskSizeClassesTests;
			sourceTree = "<group>";
		};
		449AA0271B447E0C005C2B35 /* Supporting Files */ = {
			isa = PBXGroup;
			children = (
				449AA0281B447E0C005C2B35 /* Info.plist */,
			);
			name = "Supporting Files";
			sourceTree = "<group>";
		};
/* End PBXGroup section */

/* Begin PBXNativeTarget section */
		449AA0091B447E0C005C2B35 /* HomeTaskSizeClasses */ = {
			isa = PBXNativeTarget;
			buildConfigurationList = 449AA02D1B447E0C005C2B35 /* Build configuration list for PBXNativeTarget "HomeTaskSizeClasses" */;
			buildPhases = (
				449AA0061B447E0C005C2B35 /* Sources */,
				449AA0071B447E0C005C2B35 /* Frameworks */,
				449AA0081B447E0C005C2B35 /* Resources */,
			);
			buildRules = (
			);
			dependencies = (
			);
			name = HomeTaskSizeClasses;
			productName = HomeTaskSizeClasses;
			productReference = 449AA00A1B447E0C005C2B35 /* HomeTaskSizeClasses.app */;
			productType = "com.apple.product-type.application";
		};
		449AA0221B447E0C005C2B35 /* HomeTaskSizeClassesTests */ = {
			isa = PBXNativeTarget;
			buildConfigurationList = 449AA0301B447E0C005C2B35 /* Build configuration list for PBXNativeTarget "HomeTaskSizeClassesTests" */;
			buildPhases = (
				449AA01F1B447E0C005C2B35 /* Sources */,
				449AA0201B447E0C005C2B35 /* Frameworks */,
				449AA0211B447E0C005C2B35 /* Resources */,
			);
			buildRules = (
			);
			dependencies = (
				449AA0251B447E0C005C2B35 /* PBXTargetDependency */,
			);
			name = HomeTaskSizeClassesTests;
			productName = HomeTaskSizeClassesTests;
			productReference = 449AA0231B447E0C005C2B35 /* HomeTaskSizeClassesTests.xctest */;
			productType = "com.apple.product-type.bundle.unit-test";
		};
/* End PBXNativeTarget section */

/* Begin PBXProject section */
		449AA0021B447E0C005C2B35 /* Project object */ = {
			isa = PBXProject;
			attributes = {
				LastUpgradeCheck = 0610;
				ORGANIZATIONNAME = "Kate Polyakova";
				TargetAttributes = {
					449AA0091B447E0C005C2B35 = {
						CreatedOnToolsVersion = 6.1;
					};
					449AA0221B447E0C005C2B35 = {
						CreatedOnToolsVersion = 6.1;
						TestTargetID = 449AA0091B447E0C005C2B35;
					};
				};
			};
			buildConfigurationList = 449AA0051B447E0C005C2B35 /* Build configuration list for PBXProject "HomeTaskSizeClasses" */;
			compatibilityVersion = "Xcode 3.2";
			developmentRegion = English;
			hasScannedForEncodings = 0;
			knownRegions = (
				en,
				Base,
			);
			mainGroup = 449AA0011B447E0C005C2B35;
			productRefGroup = 449AA00B1B447E0C005C2B35 /* Products */;
			projectDirPath = "";
			projectRoot = "";
			targets = (
				449AA0091B447E0C005C2B35 /* HomeTaskSizeClasses */,
				449AA0221B447E0C005C2B35 /* HomeTaskSizeClassesTests */,
			);
		};
/* End PBXProject section */

/* Begin PBXResourcesBuildPhase section */
		449AA0081B447E0C005C2B35 /* Resources */ = {
			isa = PBXResourcesBuildPhase;
			buildActionMask = 2147483647;
			files = (
				449AA0191B447E0C005C2B35 /* Main.storyboard in Resources */,
				449AA01E1B447E0C005C2B35 /* LaunchScreen.xib in Resources */,
				449AA01B1B447E0C005C2B35 /* Images.xcassets in Resources */,
			);
			runOnlyForDeploymentPostprocessing = 0;
		};
		449AA0211B447E0C005C2B35 /* Resources */ = {
			isa = PBXResourcesBuildPhase;
			buildActionMask = 2147483647;
			files = (
			);
			runOnlyForDeploymentPostprocessing = 0;
		};
/* End PBXResourcesBuildPhase section */

/* Begin PBXSourcesBuildPhase section */
		449AA0061B447E0C005C2B35 /* Sources */ = {
			isa = PBXSourcesBuildPhase;
			buildActionMask = 2147483647;
			files = (
				449AA0161B447E0C005C2B35 /* ViewController.m in Sources */,
				449AA0131B447E0C005C2B35 /* AppDelegate.m in Sources */,
				449AA0101B447E0C005C2B35 /* main.m in Sources */,
			);
			runOnlyForDeploymentPostprocessing = 0;
		};
		449AA01F1B447E0C005C2B35 /* Sources */ = {
			isa = PBXSourcesBuildPhase;
			buildActionMask = 2147483647;
			files = (
				449AA02A1B447E0C005C2B35 /* HomeTaskSizeClassesTests.m in Sources */,
			);
			runOnlyForDeploymentPostprocessing = 0;
		};
/* End PBXSourcesBuildPhase section */

/* Begin PBXTargetDependency section */
		449AA0251B447E0C005C2B35 /* PBXTargetDependency */ = {
			isa = PBXTargetDependency;
			target = 449AA0091B447E0C005C2B35 /* HomeTaskSizeClasses */;
			targetProxy = 449AA0241B447E0C005C2B35 /* PBXContainerItemProxy */;
		};
/* End PBXTargetDependency section */

/* Begin PBXVariantGroup section */
		449AA0171B447E0C005C2B35 /* Main.storyboard */ = {
			isa = PBXVariantGroup;
			children = (
				449AA0181B447E0C005C2B35 /* Base */,
			);
			name = Main.storyboard;
			sourceTree = "<group>";
		};
		449AA01C1B447E0C005C2B35 /* LaunchScreen.xib */ = {
			isa = PBXVariantGroup;
			children = (
				449AA01D1B447E0C005C2B35 /* Base */,
			);
			name = LaunchScreen.xib;
			sourceTree = "<group>";
		};
/* End PBXVariantGroup section */

/* Begin XCBuildConfiguration section */
		449AA02B1B447E0C005C2B35 /* Debug */ = {
			isa = XCBuildConfiguration;
			buildSettings = {
				ALWAYS_SEARCH_USER_PATHS = NO;
				CLANG_CXX_LANGUAGE_STANDARD = "gnu++0x";
				CLANG_CXX_LIBRARY = "libc++";
				CLANG_ENABLE_MODULES = YES;
				CLANG_ENABLE_OBJC_ARC = YES;
				CLANG_WARN_BOOL_CONVERSION = YES;
				CLANG_WARN_CONSTANT_CONVERSION = YES;
				CLANG_WARN_DIRECT_OBJC_ISA_USAGE = YES_ERROR;
				CLANG_WARN_EMPTY_BODY = YES;
				CLANG_WARN_ENUM_CONVERSION = YES;
				CLANG_WARN_INT_CONVERSION = YES;
				CLANG_WARN_OBJC_ROOT_CLASS = YES_ERROR;
				CLANG_WARN_UNREACHABLE_CODE = YES;
				CLANG_WARN__DUPLICATE_METHOD_MATCH = YES;
				"CODE_SIGN_IDENTITY[sdk=iphoneos*]" = "iPhone Developer";
				COPY_PHASE_STRIP = NO;
				ENABLE_STRICT_OBJC_MSGSEND = YES;
				GCC_C_LANGUAGE_STANDARD = gnu99;
				GCC_DYNAMIC_NO_PIC = NO;
				GCC_OPTIMIZATION_LEVEL = 0;
				GCC_PREPROCESSOR_DEFINITIONS = (
					"DEBUG=1",
					"$(inherited)",
				);
				GCC_SYMBOLS_PRIVATE_EXTERN = NO;
				GCC_WARN_64_TO_32_BIT_CONVERSION = YES;
				GCC_WARN_ABOUT_RETURN_TYPE = YES_ERROR;
				GCC_WARN_UNDECLARED_SELECTOR = YES;
				GCC_WARN_UNINITIALIZED_AUTOS = YES_AGGRESSIVE;
				GCC_WARN_UNUSED_FUNCTION = YES;
				GCC_WARN_UNUSED_VARIABLE = YES;
				IPHONEOS_DEPLOYMENT_TARGET = 8.1;
				MTL_ENABLE_DEBUG_INFO = YES;
				ONLY_ACTIVE_ARCH = YES;
				SDKROOT = iphoneos;
				TARGETED_DEVICE_FAMILY = "1,2";
			};
			name = Debug;
		};
		449AA02C1B447E0C005C2B35 /* Release */ = {
			isa = XCBuildConfiguration;
			buildSettings = {
				ALWAYS_SEARCH_USER_PATHS = NO;
				CLANG_CXX_LANGUAGE_STANDARD = "gnu++0x";
				CLANG_CXX_LIBRARY = "libc++";
				CLANG_ENABLE_MODULES = YES;
				CLANG_ENABLE_OBJC_ARC = YES;
				CLANG_WARN_BOOL_CONVERSION = YES;
				CLANG_WARN_CONSTANT_CONVERSION = YES;
				CLANG_WARN_DIRECT_OBJC_ISA_USAGE = YES_ERROR;
				CLANG_WARN_EMPTY_BODY = YES;
				CLANG_WARN_ENUM_CONVERSION = YES;
				CLANG_WARN_INT_CONVERSION = YES;
				CLANG_WARN_OBJC_ROOT_CLASS = YES_ERROR;
				CLANG_WARN_UNREACHABLE_CODE = YES;
				CLANG_WARN__DUPLICATE_METHOD_MATCH = YES;
				"CODE_SIGN_IDENTITY[sdk=iphoneos*]" = "iPhone Developer";
				COPY_PHASE_STRIP = YES;
				ENABLE_NS_ASSERTIONS = NO;
				ENABLE_STRICT_OBJC_MSGSEND = YES;
				GCC_C_LANGUAGE_STANDARD = gnu99;
				GCC_WARN_64_TO_32_BIT_CONVERSION = YES;
				GCC_WARN_ABOUT_RETURN_TYPE = YES_ERROR;
				GCC_WARN_UNDECLARED_SELECTOR = YES;
				GCC_WARN_UNINITIALIZED_AUTOS = YES_AGGRESSIVE;
				GCC_WARN_UNUSED_FUNCTION = YES;
				GCC_WARN_UNUSED_VARIABLE = YES;
				IPHONEOS_DEPLOYMENT_TARGET = 8.1;
				MTL_ENABLE_DEBUG_INFO = NO;
				SDKROOT = iphoneos;
				TARGETED_DEVICE_FAMILY = "1,2";
				VALIDATE_PRODUCT = YES;
			};
			name = Release;
		};
		449AA02E1B447E0C005C2B35 /* Debug */ = {
			isa = XCBuildConfiguration;
			buildSettings = {
				ASSETCATALOG_COMPILER_APPICON_NAME = AppIcon;
				INFOPLIST_FILE = HomeTaskSizeClasses/Info.plist;
				LD_RUNPATH_SEARCH_PATHS = "$(inherited) @executable_path/Frameworks";
				PRODUCT_NAME = "$(TARGET_NAME)";
			};
			name = Debug;
		};
		449AA02F1B447E0C005C2B35 /* Release */ = {
			isa = XCBuildConfiguration;
			buildSettings = {
				ASSETCATALOG_COMPILER_APPICON_NAME = AppIcon;
				INFOPLIST_FILE = HomeTaskSizeClasses/Info.plist;
				LD_RUNPATH_SEARCH_PATHS = "$(inherited) @executable_path/Frameworks";
				PRODUCT_NAME = "$(TARGET_NAME)";
			};
			name = Release;
		};
		449AA0311B447E0C005C2B35 /* Debug */ = {
			isa = XCBuildConfiguration;
			buildSettings = {
				BUNDLE_LOADER = "$(TEST_HOST)";
				FRAMEWORK_SEARCH_PATHS = (
					"$(SDKROOT)/Developer/Library/Frameworks",
					"$(inherited)",
				);
				GCC_PREPROCESSOR_DEFINITIONS = (
					"DEBUG=1",
					"$(inherited)",
				);
				INFOPLIST_FILE = HomeTaskSizeClassesTests/Info.plist;
				LD_RUNPATH_SEARCH_PATHS = "$(inherited) @executable_path/Frameworks @loader_path/Frameworks";
				PRODUCT_NAME = "$(TARGET_NAME)";
				TEST_HOST = "$(BUILT_PRODUCTS_DIR)/HomeTaskSizeClasses.app/HomeTaskSizeClasses";
			};
			name = Debug;
		};
		449AA0321B447E0C005C2B35 /* Release */ = {
			isa = XCBuildConfiguration;
			buildSettings = {
				BUNDLE_LOADER = "$(TEST_HOST)";
				FRAMEWORK_SEARCH_PATHS = (
					"$(SDKROOT)/Developer/Library/Frameworks",
					"$(inherited)",
				);
				INFOPLIST_FILE = HomeTaskSizeClassesTests/Info.plist;
				LD_RUNPATH_SEARCH_PATHS = "$(inherited) @executable_path/Frameworks @loader_path/Frameworks";
				PRODUCT_NAME = "$(TARGET_NAME)";
				TEST_HOST = "$(BUILT_PRODUCTS_DIR)/HomeTaskSizeClasses.app/HomeTaskSizeClasses";
			};
			name = Release;
		};
/* End XCBuildConfiguration section */

/* Begin XCConfigurationList section */
		449AA0051B447E0C005C2B35 /* Build configuration list for PBXProject "HomeTaskSizeClasses" */ = {
			isa = XCConfigurationList;
			buildConfigurations = (
				449AA02B1B447E0C005C2B35 /* Debug */,
				449AA02C1B447E0C005C2B35 /* Release */,
			);
			defaultConfigurationIsVisible = 0;
			defaultConfigurationName = Release;
		};
		449AA02D1B447E0C005C2B35 /* Build configuration list for PBXNativeTarget "HomeTaskSizeClasses" */ = {
			isa = XCConfigurationList;
			buildConfigurations = (
				449AA02E1B447E0C005C2B35 /* Debug */,
				449AA02F1B447E0C005C2B35 /* Release */,
			);
			defaultConfigurationIsVisible = 0;
		};
		449AA0301B447E0C005C2B35 /* Build configuration list for PBXNativeTarget "HomeTaskSizeClassesTests" */ = {
			isa = XCConfigurationList;
			buildConfigurations = (
				449AA0311B447E0C005C2B35 /* Debug */,
				449AA0321B447E0C005C2B35 /* Release */,
			);
			defaultConfigurationIsVisible = 0;
		};
/* End XCConfigurationList section */
	};
	rootObject = 449AA0021B447E0C005C2B35 /* Project object */;
}
